
Microsoft Visual Studio Solution File, Format Version 12.00
# Visual Studio Version 16
VisualStudioVersion = 16.0.30413.136
MinimumVisualStudioVersion = 10.0.40219.1
Project("{9A19103F-16F7-4668-BE54-9A1E7A4F7556}") = "DataAccess", "DataAccess\DataAccess.csproj", "{90784518-DCE9-44CF-8D77-3E24877C11A2}"
EndProject
Project("{9A19103F-16F7-4668-BE54-9A1E7A4F7556}") = "Business", "Business\Business.csproj", "{B162C0FE-D413-46BC-B554-151D9AD4E660}"
EndProject
Project("{9A19103F-16F7-4668-BE54-9A1E7A4F7556}") = "Entities", "Entities\Entities.csproj", "{1BFAD209-8588-4DAD-9542-784ADF50A19B}"
EndProject
Project("{9A19103F-16F7-4668-BE54-9A1E7A4F7556}") = "ConsoleUI", "ConsoleUI\ConsoleUI.csproj", "{4A4F3E52-9FC8-4A2C-AF49-6A4069CC04E5}"
EndProject
Project("{9A19103F-16F7-4668-BE54-9A1E7A4F7556}") = "Core", "Core\Core.csproj", "{F58FD8B7-4467-465E-971E-B5A2E3704C96}"
EndProject
Project("{FAE04EC0-301F-11D3-BF4B-00C04F79EFBC}") = "WebAPI", "WebAPI\WebAPI.csproj", "{3C80F1DA-2F6E-4C00-B89F-E2A93748BE25}"
EndProject
Global
	GlobalSection(SolutionConfigurationPlatforms) = preSolution
		Debug|Any CPU = Debug|Any CPU
		Release|Any CPU = Release|Any CPU
	EndGlobalSection
	GlobalSection(ProjectConfigurationPlatforms) = postSolution
		{90784518-DCE9-44CF-8D77-3E24877C11A2}.Debug|Any CPU.ActiveCfg = Debug|Any CPU
		{90784518-DCE9-44CF-8D77-3E24877C11A2}.Debug|Any CPU.Build.0 = Debug|Any CPU
		{90784518-DCE9-44CF-8D77-3E24877C11A2}.Release|Any CPU.ActiveCfg = Release|Any CPU
		{90784518-DCE9-44CF-8D77-3E24877C11A2}.Release|Any CPU.Build.0 = Release|Any CPU
		{B162C0FE-D413-46BC-B554-151D9AD4E660}.Debug|Any CPU.ActiveCfg = Debug|Any CPU
		{B162C0FE-D413-46BC-B554-151D9AD4E660}.Debug|Any CPU.Build.0 = Debug|Any CPU
		{B162C0FE-D413-46BC-B554-151D9AD4E660}.Release|Any CPU.ActiveCfg = Release|Any CPU
		{B162C0FE-D413-46BC-B554-151D9AD4E660}.Release|Any CPU.Build.0 = Release|Any CPU
		{1BFAD209-8588-4DAD-9542-784ADF50A19B}.Debug|Any CPU.ActiveCfg = Debug|Any CPU
		{1BFAD209-8588-4DAD-9542-784ADF50A19B}.Debug|Any CPU.Build.0 = Debug|Any CPU
		{1BFAD209-8588-4DAD-9542-784ADF50A19B}.Release|Any CPU.ActiveCfg = Release|Any CPU
		{1BFAD209-8588-4DAD-9542-784ADF50A19B}.Release|Any CPU.Build.0 = Release|Any CPU
		{4A4F3E52-9FC8-4A2C-AF49-6A4069CC04E5}.Debug|Any CPU.ActiveCfg = Debug|Any CPU
		{4A4F3E52-9FC8-4A2C-AF49-6A4069CC04E5}.Debug|Any CPU.Build.0 = Debug|Any CPU
		{4A4F3E52-9FC8-4A2C-AF49-6A4069CC04E5}.Release|Any CPU.ActiveCfg = Release|Any CPU
		{4A4F3E52-9FC8-4A2C-AF49-6A4069CC04E5}.Release|Any CPU.Build.0 = Release|Any CPU
		{F58FD8B7-4467-465E-971E-B5A2E3704C96}.Debug|Any CPU.ActiveCfg = Debug|Any CPU
		{F58FD8B7-4467-465E-971E-B5A2E3704C96}.Debug|Any CPU.Build.0 = Debug|Any CPU
		{F58FD8B7-4467-465E-971E-B5A2E3704C96}.Release|Any CPU.ActiveCfg = Release|Any CPU
		{F58FD8B7-4467-465E-971E-B5A2E3704C96}.Release|Any CPU.Build.0 = Release|Any CPU
		{3C80F1DA-2F6E-4C00-B89F-E2A93748BE25}.Debug|Any CPU.ActiveCfg = Debug|Any CPU
		{3C80F1DA-2F6E-4C00-B89F-E2A93748BE25}.Debug|Any CPU.Build.0 = Debug|Any CPU
		{3C80F1DA-2F6E-4C00-B89F-E2A93748BE25}.Release|Any CPU.ActiveCfg = Release|Any CPU
		{3C80F1DA-2F6E-4C00-B89F-E2A93748BE25}.Release|Any CPU.Build.0 = Release|Any CPU
	EndGlobalSection
	GlobalSection(SolutionProperties) = preSolution
		HideSolutionNode = FALSE
	EndGlobalSection
	GlobalSection(ExtensibilityGlobals) = postSolution
		SolutionGuid = {87574648-8226-4C91-BA13-A14146B670EB}
	EndGlobalSection
EndGlobal
